
Microsoft Visual Studio Solution File, Format Version 12.00
# Visual Studio Version 17
VisualStudioVersion = 17.3.32819.101
MinimumVisualStudioVersion = 10.0.40219.1
Project("{FAE04EC0-301F-11D3-BF4B-00C04F79EFBC}") = "ConsoleApp2", "ConsoleApp2.csproj", "{882C3C2A-A7D1-4F27-9E0F-49EFA1769843}"
EndProject
Global
	GlobalSection(SolutionConfigurationPlatforms) = preSolution
		Debug|Any CPU = Debug|Any CPU
		Release|Any CPU = Release|Any CPU
	EndGlobalSection
	GlobalSection(ProjectConfigurationPlatforms) = postSolution
		{882C3C2A-A7D1-4F27-9E0F-49EFA1769843}.Debug|Any CPU.ActiveCfg = Debug|Any CPU
		{882C3C2A-A7D1-4F27-9E0F-49EFA1769843}.Debug|Any CPU.Build.0 = Debug|Any CPU
		{882C3C2A-A7D1-4F27-9E0F-49EFA1769843}.Release|Any CPU.ActiveCfg = Release|Any CPU
		{882C3C2A-A7D1-4F27-9E0F-49EFA1769843}.Release|Any CPU.Build.0 = Release|Any CPU
	EndGlobalSection
	GlobalSection(SolutionProperties) = preSolution
		HideSolutionNode = FALSE
	EndGlobalSection
	GlobalSection(ExtensibilityGlobals) = postSolution
		SolutionGuid = {FB8FEEDA-B617-4A37-A4D6-E494D766FDF2}
	EndGlobalSection
EndGlobal
